
Microsoft Visual Studio Solution File, Format Version 12.00
# Visual Studio 15
VisualStudioVersion = 15.0.26730.10
MinimumVisualStudioVersion = 10.0.40219.1

Project("{6EC3EE1D-3C4E-46DD-8F32-0CC8E7565705}") = "LayoutChange", "LayoutChange\LayoutChange.fsproj", "{7A17FC0B-90CC-49E3-B3D6-C0DF317601AA}"
EndProject




Project("{F2A71F9B-5D33-465A-A702-920D77279786}") = "LayoutChange.macOS", "LayoutChange.macOS\LayoutChange.macOS.fsproj", "{48F63746-B3C5-4AEC-99C9-7EA900B2CE07}"
EndProject



Global
	GlobalSection(SolutionConfigurationPlatforms) = preSolution
		Ad-Hoc|Any CPU = Ad-Hoc|Any CPU
		Ad-Hoc|ARM = Ad-Hoc|ARM
		Ad-Hoc|iPhone = Ad-Hoc|iPhone
		Ad-Hoc|iPhoneSimulator = Ad-Hoc|iPhoneSimulator
		Ad-Hoc|x64 = Ad-Hoc|x64
		Ad-Hoc|x86 = Ad-Hoc|x86
		AppStore|Any CPU = AppStore|Any CPU
		AppStore|ARM = AppStore|ARM
		AppStore|iPhone = AppStore|iPhone
		AppStore|iPhoneSimulator = AppStore|iPhoneSimulator
		AppStore|x64 = AppStore|x64
		AppStore|x86 = AppStore|x86
		Debug|Any CPU = Debug|Any CPU
		Debug|ARM = Debug|ARM
		Debug|iPhone = Debug|iPhone
		Debug|iPhoneSimulator = Debug|iPhoneSimulator
		Debug|x64 = Debug|x64
		Debug|x86 = Debug|x86
		Release|Any CPU = Release|Any CPU
		Release|ARM = Release|ARM
		Release|iPhone = Release|iPhone
		Release|iPhoneSimulator = Release|iPhoneSimulator
		Release|x64 = Release|x64
		Release|x86 = Release|x86
	EndGlobalSection
	GlobalSection(ProjectConfigurationPlatforms) = postSolution
		{7A17FC0B-90CC-49E3-B3D6-C0DF317601AA}.Ad-Hoc|Any CPU.ActiveCfg = Debug|Any CPU
		{7A17FC0B-90CC-49E3-B3D6-C0DF317601AA}.Ad-Hoc|Any CPU.Build.0 = Debug|Any CPU
		{7A17FC0B-90CC-49E3-B3D6-C0DF317601AA}.Ad-Hoc|ARM.ActiveCfg = Debug|Any CPU
		{7A17FC0B-90CC-49E3-B3D6-C0DF317601AA}.Ad-Hoc|ARM.Build.0 = Debug|Any CPU
		{7A17FC0B-90CC-49E3-B3D6-C0DF317601AA}.Ad-Hoc|iPhone.ActiveCfg = Debug|Any CPU
		{7A17FC0B-90CC-49E3-B3D6-C0DF317601AA}.Ad-Hoc|iPhone.Build.0 = Debug|Any CPU
		{7A17FC0B-90CC-49E3-B3D6-C0DF317601AA}.Ad-Hoc|iPhoneSimulator.ActiveCfg = Debug|Any CPU
		{7A17FC0B-90CC-49E3-B3D6-C0DF317601AA}.Ad-Hoc|iPhoneSimulator.Build.0 = Debug|Any CPU
		{7A17FC0B-90CC-49E3-B3D6-C0DF317601AA}.Ad-Hoc|x64.ActiveCfg = Debug|Any CPU
		{7A17FC0B-90CC-49E3-B3D6-C0DF317601AA}.Ad-Hoc|x64.Build.0 = Debug|Any CPU
		{7A17FC0B-90CC-49E3-B3D6-C0DF317601AA}.Ad-Hoc|x86.ActiveCfg = Debug|Any CPU
		{7A17FC0B-90CC-49E3-B3D6-C0DF317601AA}.Ad-Hoc|x86.Build.0 = Debug|Any CPU
		{7A17FC0B-90CC-49E3-B3D6-C0DF317601AA}.AppStore|Any CPU.ActiveCfg = Debug|Any CPU
		{7A17FC0B-90CC-49E3-B3D6-C0DF317601AA}.AppStore|Any CPU.Build.0 = Debug|Any CPU
		{7A17FC0B-90CC-49E3-B3D6-C0DF317601AA}.AppStore|ARM.ActiveCfg = Debug|Any CPU
		{7A17FC0B-90CC-49E3-B3D6-C0DF317601AA}.AppStore|ARM.Build.0 = Debug|Any CPU
		{7A17FC0B-90CC-49E3-B3D6-C0DF317601AA}.AppStore|iPhone.ActiveCfg = Debug|Any CPU
		{7A17FC0B-90CC-49E3-B3D6-C0DF317601AA}.AppStore|iPhone.Build.0 = Debug|Any CPU
		{7A17FC0B-90CC-49E3-B3D6-C0DF317601AA}.AppStore|iPhoneSimulator.ActiveCfg = Debug|Any CPU
		{7A17FC0B-90CC-49E3-B3D6-C0DF317601AA}.AppStore|iPhoneSimulator.Build.0 = Debug|Any CPU
		{7A17FC0B-90CC-49E3-B3D6-C0DF317601AA}.AppStore|x64.ActiveCfg = Debug|Any CPU
		{7A17FC0B-90CC-49E3-B3D6-C0DF317601AA}.AppStore|x64.Build.0 = Debug|Any CPU
		{7A17FC0B-90CC-49E3-B3D6-C0DF317601AA}.AppStore|x86.ActiveCfg = Debug|Any CPU
		{7A17FC0B-90CC-49E3-B3D6-C0DF317601AA}.AppStore|x86.Build.0 = Debug|Any CPU
		{7A17FC0B-90CC-49E3-B3D6-C0DF317601AA}.Debug|Any CPU.ActiveCfg = Debug|Any CPU
		{7A17FC0B-90CC-49E3-B3D6-C0DF317601AA}.Debug|Any CPU.Build.0 = Debug|Any CPU
		{7A17FC0B-90CC-49E3-B3D6-C0DF317601AA}.Debug|ARM.ActiveCfg = Debug|Any CPU
		{7A17FC0B-90CC-49E3-B3D6-C0DF317601AA}.Debug|ARM.Build.0 = Debug|Any CPU
		{7A17FC0B-90CC-49E3-B3D6-C0DF317601AA}.Debug|iPhone.ActiveCfg = Debug|Any CPU
		{7A17FC0B-90CC-49E3-B3D6-C0DF317601AA}.Debug|iPhone.Build.0 = Debug|Any CPU
		{7A17FC0B-90CC-49E3-B3D6-C0DF317601AA}.Debug|iPhoneSimulator.ActiveCfg = Debug|Any CPU
		{7A17FC0B-90CC-49E3-B3D6-C0DF317601AA}.Debug|iPhoneSimulator.Build.0 = Debug|Any CPU
		{7A17FC0B-90CC-49E3-B3D6-C0DF317601AA}.Debug|x64.ActiveCfg = Debug|Any CPU
		{7A17FC0B-90CC-49E3-B3D6-C0DF317601AA}.Debug|x64.Build.0 = Debug|Any CPU
		{7A17FC0B-90CC-49E3-B3D6-C0DF317601AA}.Debug|x86.ActiveCfg = Debug|Any CPU
		{7A17FC0B-90CC-49E3-B3D6-C0DF317601AA}.Debug|x86.Build.0 = Debug|Any CPU
		{7A17FC0B-90CC-49E3-B3D6-C0DF317601AA}.Release|Any CPU.ActiveCfg = Release|Any CPU
		{7A17FC0B-90CC-49E3-B3D6-C0DF317601AA}.Release|Any CPU.Build.0 = Release|Any CPU
		{7A17FC0B-90CC-49E3-B3D6-C0DF317601AA}.Release|ARM.ActiveCfg = Release|Any CPU
		{7A17FC0B-90CC-49E3-B3D6-C0DF317601AA}.Release|ARM.Build.0 = Release|Any CPU
		{7A17FC0B-90CC-49E3-B3D6-C0DF317601AA}.Release|iPhone.ActiveCfg = Release|Any CPU
		{7A17FC0B-90CC-49E3-B3D6-C0DF317601AA}.Release|iPhone.Build.0 = Release|Any CPU
		{7A17FC0B-90CC-49E3-B3D6-C0DF317601AA}.Release|iPhoneSimulator.ActiveCfg = Release|Any CPU
		{7A17FC0B-90CC-49E3-B3D6-C0DF317601AA}.Release|iPhoneSimulator.Build.0 = Release|Any CPU
		{7A17FC0B-90CC-49E3-B3D6-C0DF317601AA}.Release|x64.ActiveCfg = Release|Any CPU
		{7A17FC0B-90CC-49E3-B3D6-C0DF317601AA}.Release|x64.Build.0 = Release|Any CPU
		{7A17FC0B-90CC-49E3-B3D6-C0DF317601AA}.Release|x86.ActiveCfg = Release|Any CPU
		{7A17FC0B-90CC-49E3-B3D6-C0DF317601AA}.Release|x86.Build.0 = Release|Any CPU
		{DFCF2D15-7BD5-4EC5-AD97-7C9947A55A47}.Ad-Hoc|Any CPU.ActiveCfg = Ad-Hoc|iPhone
		{DFCF2D15-7BD5-4EC5-AD97-7C9947A55A47}.Ad-Hoc|ARM.ActiveCfg = Ad-Hoc|iPhone
		{DFCF2D15-7BD5-4EC5-AD97-7C9947A55A47}.Ad-Hoc|iPhone.ActiveCfg = Ad-Hoc|iPhone
		{DFCF2D15-7BD5-4EC5-AD97-7C9947A55A47}.Ad-Hoc|iPhone.Build.0 = Ad-Hoc|iPhone
		{DFCF2D15-7BD5-4EC5-AD97-7C9947A55A47}.Ad-Hoc|iPhoneSimulator.ActiveCfg = Ad-Hoc|iPhoneSimulator
		{DFCF2D15-7BD5-4EC5-AD97-7C9947A55A47}.Ad-Hoc|iPhoneSimulator.Build.0 = Ad-Hoc|iPhoneSimulator
		{DFCF2D15-7BD5-4EC5-AD97-7C9947A55A47}.Ad-Hoc|x64.ActiveCfg = Ad-Hoc|iPhone
		{DFCF2D15-7BD5-4EC5-AD97-7C9947A55A47}.Ad-Hoc|x86.ActiveCfg = Ad-Hoc|iPhone
		{DFCF2D15-7BD5-4EC5-AD97-7C9947A55A47}.AppStore|Any CPU.ActiveCfg = AppStore|iPhone
		{DFCF2D15-7BD5-4EC5-AD97-7C9947A55A47}.AppStore|ARM.ActiveCfg = AppStore|iPhone
		{DFCF2D15-7BD5-4EC5-AD97-7C9947A55A47}.AppStore|iPhone.ActiveCfg = AppStore|iPhone
		{DFCF2D15-7BD5-4EC5-AD97-7C9947A55A47}.AppStore|iPhone.Build.0 = AppStore|iPhone
		{DFCF2D15-7BD5-4EC5-AD97-7C9947A55A47}.AppStore|iPhoneSimulator.ActiveCfg = AppStore|iPhoneSimulator
		{DFCF2D15-7BD5-4EC5-AD97-7C9947A55A47}.AppStore|iPhoneSimulator.Build.0 = AppStore|iPhoneSimulator
		{DFCF2D15-7BD5-4EC5-AD97-7C9947A55A47}.AppStore|x64.ActiveCfg = AppStore|iPhone
		{DFCF2D15-7BD5-4EC5-AD97-7C9947A55A47}.AppStore|x86.ActiveCfg = AppStore|iPhone
		{DFCF2D15-7BD5-4EC5-AD97-7C9947A55A47}.Debug|Any CPU.ActiveCfg = Debug|iPhone
		{DFCF2D15-7BD5-4EC5-AD97-7C9947A55A47}.Debug|ARM.ActiveCfg = Debug|iPhone
		{DFCF2D15-7BD5-4EC5-AD97-7C9947A55A47}.Debug|iPhone.ActiveCfg = Debug|iPhone
		{DFCF2D15-7BD5-4EC5-AD97-7C9947A55A47}.Debug|iPhone.Build.0 = Debug|iPhone
		{DFCF2D15-7BD5-4EC5-AD97-7C9947A55A47}.Debug|iPhoneSimulator.ActiveCfg = Debug|iPhoneSimulator
		{DFCF2D15-7BD5-4EC5-AD97-7C9947A55A47}.Debug|iPhoneSimulator.Build.0 = Debug|iPhoneSimulator
		{DFCF2D15-7BD5-4EC5-AD97-7C9947A55A47}.Debug|x64.ActiveCfg = Debug|iPhone
		{DFCF2D15-7BD5-4EC5-AD97-7C9947A55A47}.Debug|x86.ActiveCfg = Debug|iPhone
		{DFCF2D15-7BD5-4EC5-AD97-7C9947A55A47}.Release|Any CPU.ActiveCfg = Release|iPhone
		{DFCF2D15-7BD5-4EC5-AD97-7C9947A55A47}.Release|ARM.ActiveCfg = Release|iPhone
		{DFCF2D15-7BD5-4EC5-AD97-7C9947A55A47}.Release|iPhone.ActiveCfg = Release|iPhone
		{DFCF2D15-7BD5-4EC5-AD97-7C9947A55A47}.Release|iPhone.Build.0 = Release|iPhone
		{DFCF2D15-7BD5-4EC5-AD97-7C9947A55A47}.Release|iPhoneSimulator.ActiveCfg = Release|iPhoneSimulator
		{DFCF2D15-7BD5-4EC5-AD97-7C9947A55A47}.Release|iPhoneSimulator.Build.0 = Release|iPhoneSimulator
		{DFCF2D15-7BD5-4EC5-AD97-7C9947A55A47}.Release|x64.ActiveCfg = Release|iPhone
		{DFCF2D15-7BD5-4EC5-AD97-7C9947A55A47}.Release|x86.ActiveCfg = Release|iPhone
		{72F81F13-5E60-4725-B066-4E4C7431A837}.Ad-Hoc|Any CPU.ActiveCfg = Release|x86
		{72F81F13-5E60-4725-B066-4E4C7431A837}.Ad-Hoc|Any CPU.Build.0 = Release|x86
		{72F81F13-5E60-4725-B066-4E4C7431A837}.Ad-Hoc|Any CPU.Deploy.0 = Release|x86
		{72F81F13-5E60-4725-B066-4E4C7431A837}.Ad-Hoc|ARM.ActiveCfg = Release|ARM
		{72F81F13-5E60-4725-B066-4E4C7431A837}.Ad-Hoc|ARM.Build.0 = Release|ARM
		{72F81F13-5E60-4725-B066-4E4C7431A837}.Ad-Hoc|ARM.Deploy.0 = Release|ARM
		{72F81F13-5E60-4725-B066-4E4C7431A837}.Ad-Hoc|iPhone.ActiveCfg = Release|x86
		{72F81F13-5E60-4725-B066-4E4C7431A837}.Ad-Hoc|iPhone.Build.0 = Release|x86
		{72F81F13-5E60-4725-B066-4E4C7431A837}.Ad-Hoc|iPhone.Deploy.0 = Release|x86
		{72F81F13-5E60-4725-B066-4E4C7431A837}.Ad-Hoc|iPhoneSimulator.ActiveCfg = Release|x86
		{72F81F13-5E60-4725-B066-4E4C7431A837}.Ad-Hoc|iPhoneSimulator.Build.0 = Release|x86
		{72F81F13-5E60-4725-B066-4E4C7431A837}.Ad-Hoc|iPhoneSimulator.Deploy.0 = Release|x86
		{72F81F13-5E60-4725-B066-4E4C7431A837}.Ad-Hoc|x64.ActiveCfg = Release|x64
		{72F81F13-5E60-4725-B066-4E4C7431A837}.Ad-Hoc|x64.Build.0 = Release|x64
		{72F81F13-5E60-4725-B066-4E4C7431A837}.Ad-Hoc|x64.Deploy.0 = Release|x64
		{72F81F13-5E60-4725-B066-4E4C7431A837}.Ad-Hoc|x86.ActiveCfg = Release|x86
		{72F81F13-5E60-4725-B066-4E4C7431A837}.Ad-Hoc|x86.Build.0 = Release|x86
		{72F81F13-5E60-4725-B066-4E4C7431A837}.Ad-Hoc|x86.Deploy.0 = Release|x86
		{72F81F13-5E60-4725-B066-4E4C7431A837}.AppStore|Any CPU.ActiveCfg = Release|x86
		{72F81F13-5E60-4725-B066-4E4C7431A837}.AppStore|Any CPU.Build.0 = Release|x86
		{72F81F13-5E60-4725-B066-4E4C7431A837}.AppStore|Any CPU.Deploy.0 = Release|x86
		{72F81F13-5E60-4725-B066-4E4C7431A837}.AppStore|ARM.ActiveCfg = Release|ARM
		{72F81F13-5E60-4725-B066-4E4C7431A837}.AppStore|ARM.Build.0 = Release|ARM
		{72F81F13-5E60-4725-B066-4E4C7431A837}.AppStore|ARM.Deploy.0 = Release|ARM
		{72F81F13-5E60-4725-B066-4E4C7431A837}.AppStore|iPhone.ActiveCfg = Release|x86
		{72F81F13-5E60-4725-B066-4E4C7431A837}.AppStore|iPhone.Build.0 = Release|x86
		{72F81F13-5E60-4725-B066-4E4C7431A837}.AppStore|iPhone.Deploy.0 = Release|x86
		{72F81F13-5E60-4725-B066-4E4C7431A837}.AppStore|iPhoneSimulator.ActiveCfg = Release|x86
		{72F81F13-5E60-4725-B066-4E4C7431A837}.AppStore|iPhoneSimulator.Build.0 = Release|x86
		{72F81F13-5E60-4725-B066-4E4C7431A837}.AppStore|iPhoneSimulator.Deploy.0 = Release|x86
		{72F81F13-5E60-4725-B066-4E4C7431A837}.AppStore|x64.ActiveCfg = Release|x64
		{72F81F13-5E60-4725-B066-4E4C7431A837}.AppStore|x64.Build.0 = Release|x64
		{72F81F13-5E60-4725-B066-4E4C7431A837}.AppStore|x64.Deploy.0 = Release|x64
		{72F81F13-5E60-4725-B066-4E4C7431A837}.AppStore|x86.ActiveCfg = Release|x86
		{72F81F13-5E60-4725-B066-4E4C7431A837}.AppStore|x86.Build.0 = Release|x86
		{72F81F13-5E60-4725-B066-4E4C7431A837}.AppStore|x86.Deploy.0 = Release|x86
		{72F81F13-5E60-4725-B066-4E4C7431A837}.Debug|Any CPU.ActiveCfg = Debug|x86
		{72F81F13-5E60-4725-B066-4E4C7431A837}.Debug|ARM.ActiveCfg = Debug|ARM
		{72F81F13-5E60-4725-B066-4E4C7431A837}.Debug|ARM.Build.0 = Debug|ARM
		{72F81F13-5E60-4725-B066-4E4C7431A837}.Debug|ARM.Deploy.0 = Debug|ARM
		{72F81F13-5E60-4725-B066-4E4C7431A837}.Debug|iPhone.ActiveCfg = Debug|x86
		{72F81F13-5E60-4725-B066-4E4C7431A837}.Debug|iPhoneSimulator.ActiveCfg = Debug|x86
		{72F81F13-5E60-4725-B066-4E4C7431A837}.Debug|x64.ActiveCfg = Debug|x64
		{72F81F13-5E60-4725-B066-4E4C7431A837}.Debug|x64.Build.0 = Debug|x64
		{72F81F13-5E60-4725-B066-4E4C7431A837}.Debug|x64.Deploy.0 = Debug|x64
		{72F81F13-5E60-4725-B066-4E4C7431A837}.Debug|x86.ActiveCfg = Debug|x86
		{72F81F13-5E60-4725-B066-4E4C7431A837}.Debug|x86.Build.0 = Debug|x86
		{72F81F13-5E60-4725-B066-4E4C7431A837}.Debug|x86.Deploy.0 = Debug|x86
		{72F81F13-5E60-4725-B066-4E4C7431A837}.Release|Any CPU.ActiveCfg = Release|x86
		{72F81F13-5E60-4725-B066-4E4C7431A837}.Release|ARM.ActiveCfg = Release|ARM
		{72F81F13-5E60-4725-B066-4E4C7431A837}.Release|ARM.Build.0 = Release|ARM
		{72F81F13-5E60-4725-B066-4E4C7431A837}.Release|ARM.Deploy.0 = Release|ARM
		{72F81F13-5E60-4725-B066-4E4C7431A837}.Release|iPhone.ActiveCfg = Release|x86
		{72F81F13-5E60-4725-B066-4E4C7431A837}.Release|iPhoneSimulator.ActiveCfg = Release|x86
		{72F81F13-5E60-4725-B066-4E4C7431A837}.Release|x64.ActiveCfg = Release|x64
		{72F81F13-5E60-4725-B066-4E4C7431A837}.Release|x64.Build.0 = Release|x64
		{72F81F13-5E60-4725-B066-4E4C7431A837}.Release|x64.Deploy.0 = Release|x64
		{72F81F13-5E60-4725-B066-4E4C7431A837}.Release|x86.ActiveCfg = Release|x86
		{72F81F13-5E60-4725-B066-4E4C7431A837}.Release|x86.Build.0 = Release|x86
		{72F81F13-5E60-4725-B066-4E4C7431A837}.Release|x86.Deploy.0 = Release|x86
		{48F63746-B3C5-4AEC-99C9-7EA900B2CE07}.Ad-Hoc|Any CPU.ActiveCfg = Release|Any CPU
		{48F63746-B3C5-4AEC-99C9-7EA900B2CE07}.Ad-Hoc|Any CPU.Build.0 = Release|Any CPU
		{48F63746-B3C5-4AEC-99C9-7EA900B2CE07}.Ad-Hoc|ARM.ActiveCfg = Release|Any CPU
		{48F63746-B3C5-4AEC-99C9-7EA900B2CE07}.Ad-Hoc|ARM.Build.0 = Release|Any CPU
		{48F63746-B3C5-4AEC-99C9-7EA900B2CE07}.Ad-Hoc|iPhone.ActiveCfg = Release|Any CPU
		{48F63746-B3C5-4AEC-99C9-7EA900B2CE07}.Ad-Hoc|iPhone.Build.0 = Release|Any CPU
		{48F63746-B3C5-4AEC-99C9-7EA900B2CE07}.Ad-Hoc|iPhoneSimulator.ActiveCfg = Release|Any CPU
		{48F63746-B3C5-4AEC-99C9-7EA900B2CE07}.Ad-Hoc|iPhoneSimulator.Build.0 = Release|Any CPU
		{48F63746-B3C5-4AEC-99C9-7EA900B2CE07}.Ad-Hoc|x64.ActiveCfg = Release|Any CPU
		{48F63746-B3C5-4AEC-99C9-7EA900B2CE07}.Ad-Hoc|x64.Build.0 = Release|Any CPU
		{48F63746-B3C5-4AEC-99C9-7EA900B2CE07}.Ad-Hoc|x86.ActiveCfg = Release|Any CPU
		{48F63746-B3C5-4AEC-99C9-7EA900B2CE07}.Ad-Hoc|x86.Build.0 = Release|Any CPU
		{48F63746-B3C5-4AEC-99C9-7EA900B2CE07}.AppStore|Any CPU.ActiveCfg = Release|Any CPU
		{48F63746-B3C5-4AEC-99C9-7EA900B2CE07}.AppStore|Any CPU.Build.0 = Release|Any CPU
		{48F63746-B3C5-4AEC-99C9-7EA900B2CE07}.AppStore|ARM.ActiveCfg = Release|Any CPU
		{48F63746-B3C5-4AEC-99C9-7EA900B2CE07}.AppStore|ARM.Build.0 = Release|Any CPU
		{48F63746-B3C5-4AEC-99C9-7EA900B2CE07}.AppStore|iPhone.ActiveCfg = Release|Any CPU
		{48F63746-B3C5-4AEC-99C9-7EA900B2CE07}.AppStore|iPhone.Build.0 = Release|Any CPU
		{48F63746-B3C5-4AEC-99C9-7EA900B2CE07}.AppStore|iPhoneSimulator.ActiveCfg = Release|Any CPU
		{48F63746-B3C5-4AEC-99C9-7EA900B2CE07}.AppStore|iPhoneSimulator.Build.0 = Release|Any CPU
		{48F63746-B3C5-4AEC-99C9-7EA900B2CE07}.AppStore|x64.ActiveCfg = Release|Any CPU
		{48F63746-B3C5-4AEC-99C9-7EA900B2CE07}.AppStore|x64.Build.0 = Release|Any CPU
		{48F63746-B3C5-4AEC-99C9-7EA900B2CE07}.AppStore|x86.ActiveCfg = Release|Any CPU
		{48F63746-B3C5-4AEC-99C9-7EA900B2CE07}.AppStore|x86.Build.0 = Release|Any CPU
		{48F63746-B3C5-4AEC-99C9-7EA900B2CE07}.Debug|Any CPU.ActiveCfg = Debug|Any CPU
		{48F63746-B3C5-4AEC-99C9-7EA900B2CE07}.Debug|Any CPU.Build.0 = Debug|Any CPU
		{48F63746-B3C5-4AEC-99C9-7EA900B2CE07}.Debug|ARM.ActiveCfg = Debug|Any CPU
		{48F63746-B3C5-4AEC-99C9-7EA900B2CE07}.Debug|ARM.Build.0 = Debug|Any CPU
		{48F63746-B3C5-4AEC-99C9-7EA900B2CE07}.Debug|iPhone.ActiveCfg = Debug|Any CPU
		{48F63746-B3C5-4AEC-99C9-7EA900B2CE07}.Debug|iPhone.Build.0 = Debug|Any CPU
		{48F63746-B3C5-4AEC-99C9-7EA900B2CE07}.Debug|iPhoneSimulator.ActiveCfg = Debug|Any CPU
		{48F63746-B3C5-4AEC-99C9-7EA900B2CE07}.Debug|iPhoneSimulator.Build.0 = Debug|Any CPU
		{48F63746-B3C5-4AEC-99C9-7EA900B2CE07}.Debug|x64.ActiveCfg = Debug|Any CPU
		{48F63746-B3C5-4AEC-99C9-7EA900B2CE07}.Debug|x64.Build.0 = Debug|Any CPU
		{48F63746-B3C5-4AEC-99C9-7EA900B2CE07}.Debug|x86.ActiveCfg = Debug|Any CPU
		{48F63746-B3C5-4AEC-99C9-7EA900B2CE07}.Debug|x86.Build.0 = Debug|Any CPU
		{48F63746-B3C5-4AEC-99C9-7EA900B2CE07}.Release|Any CPU.ActiveCfg = Release|Any CPU
		{48F63746-B3C5-4AEC-99C9-7EA900B2CE07}.Release|Any CPU.Build.0 = Release|Any CPU
		{48F63746-B3C5-4AEC-99C9-7EA900B2CE07}.Release|ARM.ActiveCfg = Release|Any CPU
		{48F63746-B3C5-4AEC-99C9-7EA900B2CE07}.Release|ARM.Build.0 = Release|Any CPU
		{48F63746-B3C5-4AEC-99C9-7EA900B2CE07}.Release|iPhone.ActiveCfg = Release|Any CPU
		{48F63746-B3C5-4AEC-99C9-7EA900B2CE07}.Release|iPhone.Build.0 = Release|Any CPU
		{48F63746-B3C5-4AEC-99C9-7EA900B2CE07}.Release|iPhoneSimulator.ActiveCfg = Release|Any CPU
		{48F63746-B3C5-4AEC-99C9-7EA900B2CE07}.Release|iPhoneSimulator.Build.0 = Release|Any CPU
		{48F63746-B3C5-4AEC-99C9-7EA900B2CE07}.Release|x64.ActiveCfg = Release|Any CPU
		{48F63746-B3C5-4AEC-99C9-7EA900B2CE07}.Release|x64.Build.0 = Release|Any CPU
		{48F63746-B3C5-4AEC-99C9-7EA900B2CE07}.Release|x86.ActiveCfg = Release|Any CPU
		{48F63746-B3C5-4AEC-99C9-7EA900B2CE07}.Release|x86.Build.0 = Release|Any CPU
		{316F2F61-A2ED-4089-9393-11B0168747AF}.Ad-Hoc|Any CPU.ActiveCfg = Release|Any CPU
		{316F2F61-A2ED-4089-9393-11B0168747AF}.Ad-Hoc|Any CPU.Build.0 = Release|Any CPU
		{316F2F61-A2ED-4089-9393-11B0168747AF}.Ad-Hoc|ARM.ActiveCfg = Release|Any CPU
		{316F2F61-A2ED-4089-9393-11B0168747AF}.Ad-Hoc|ARM.Build.0 = Release|Any CPU
		{316F2F61-A2ED-4089-9393-11B0168747AF}.Ad-Hoc|iPhone.ActiveCfg = Release|Any CPU
		{316F2F61-A2ED-4089-9393-11B0168747AF}.Ad-Hoc|iPhone.Build.0 = Release|Any CPU
		{316F2F61-A2ED-4089-9393-11B0168747AF}.Ad-Hoc|iPhoneSimulator.ActiveCfg = Release|Any CPU
		{316F2F61-A2ED-4089-9393-11B0168747AF}.Ad-Hoc|iPhoneSimulator.Build.0 = Release|Any CPU
		{316F2F61-A2ED-4089-9393-11B0168747AF}.Ad-Hoc|x64.ActiveCfg = Release|Any CPU
		{316F2F61-A2ED-4089-9393-11B0168747AF}.Ad-Hoc|x64.Build.0 = Release|Any CPU
		{316F2F61-A2ED-4089-9393-11B0168747AF}.Ad-Hoc|x86.ActiveCfg = Release|Any CPU
		{316F2F61-A2ED-4089-9393-11B0168747AF}.Ad-Hoc|x86.Build.0 = Release|Any CPU
		{316F2F61-A2ED-4089-9393-11B0168747AF}.AppStore|Any CPU.ActiveCfg = Release|Any CPU
		{316F2F61-A2ED-4089-9393-11B0168747AF}.AppStore|Any CPU.Build.0 = Release|Any CPU
		{316F2F61-A2ED-4089-9393-11B0168747AF}.AppStore|ARM.ActiveCfg = Release|Any CPU
		{316F2F61-A2ED-4089-9393-11B0168747AF}.AppStore|ARM.Build.0 = Release|Any CPU
		{316F2F61-A2ED-4089-9393-11B0168747AF}.AppStore|iPhone.ActiveCfg = Release|Any CPU
		{316F2F61-A2ED-4089-9393-11B0168747AF}.AppStore|iPhone.Build.0 = Release|Any CPU
		{316F2F61-A2ED-4089-9393-11B0168747AF}.AppStore|iPhoneSimulator.ActiveCfg = Release|Any CPU
		{316F2F61-A2ED-4089-9393-11B0168747AF}.AppStore|iPhoneSimulator.Build.0 = Release|Any CPU
		{316F2F61-A2ED-4089-9393-11B0168747AF}.AppStore|x64.ActiveCfg = Release|Any CPU
		{316F2F61-A2ED-4089-9393-11B0168747AF}.AppStore|x64.Build.0 = Release|Any CPU
		{316F2F61-A2ED-4089-9393-11B0168747AF}.AppStore|x86.ActiveCfg = Release|Any CPU
		{316F2F61-A2ED-4089-9393-11B0168747AF}.AppStore|x86.Build.0 = Release|Any CPU
		{316F2F61-A2ED-4089-9393-11B0168747AF}.Debug|Any CPU.ActiveCfg = Debug|Any CPU
		{316F2F61-A2ED-4089-9393-11B0168747AF}.Debug|Any CPU.Build.0 = Debug|Any CPU
		{316F2F61-A2ED-4089-9393-11B0168747AF}.Debug|ARM.ActiveCfg = Debug|Any CPU
		{316F2F61-A2ED-4089-9393-11B0168747AF}.Debug|ARM.Build.0 = Debug|Any CPU
		{316F2F61-A2ED-4089-9393-11B0168747AF}.Debug|iPhone.ActiveCfg = Debug|Any CPU
		{316F2F61-A2ED-4089-9393-11B0168747AF}.Debug|iPhone.Build.0 = Debug|Any CPU
		{316F2F61-A2ED-4089-9393-11B0168747AF}.Debug|iPhoneSimulator.ActiveCfg = Debug|Any CPU
		{316F2F61-A2ED-4089-9393-11B0168747AF}.Debug|iPhoneSimulator.Build.0 = Debug|Any CPU
		{316F2F61-A2ED-4089-9393-11B0168747AF}.Debug|x64.ActiveCfg = Debug|Any CPU
		{316F2F61-A2ED-4089-9393-11B0168747AF}.Debug|x64.Build.0 = Debug|Any CPU
		{316F2F61-A2ED-4089-9393-11B0168747AF}.Debug|x86.ActiveCfg = Debug|Any CPU
		{316F2F61-A2ED-4089-9393-11B0168747AF}.Debug|x86.Build.0 = Debug|Any CPU
		{316F2F61-A2ED-4089-9393-11B0168747AF}.Release|Any CPU.ActiveCfg = Release|Any CPU
		{316F2F61-A2ED-4089-9393-11B0168747AF}.Release|Any CPU.Build.0 = Release|Any CPU
		{316F2F61-A2ED-4089-9393-11B0168747AF}.Release|ARM.ActiveCfg = Release|Any CPU
		{316F2F61-A2ED-4089-9393-11B0168747AF}.Release|ARM.Build.0 = Release|Any CPU
		{316F2F61-A2ED-4089-9393-11B0168747AF}.Release|iPhone.ActiveCfg = Release|Any CPU
		{316F2F61-A2ED-4089-9393-11B0168747AF}.Release|iPhone.Build.0 = Release|Any CPU
		{316F2F61-A2ED-4089-9393-11B0168747AF}.Release|iPhoneSimulator.ActiveCfg = Release|Any CPU
		{316F2F61-A2ED-4089-9393-11B0168747AF}.Release|iPhoneSimulator.Build.0 = Release|Any CPU
		{316F2F61-A2ED-4089-9393-11B0168747AF}.Release|x64.ActiveCfg = Release|Any CPU
		{316F2F61-A2ED-4089-9393-11B0168747AF}.Release|x64.Build.0 = Release|Any CPU
		{316F2F61-A2ED-4089-9393-11B0168747AF}.Release|x86.ActiveCfg = Release|Any CPU
		{316F2F61-A2ED-4089-9393-11B0168747AF}.Release|x86.Build.0 = Release|Any CPU
		{3F480D8A-591F-44BB-A779-E7F1B1904CE2}.Ad-Hoc|Any CPU.ActiveCfg = Release|Any CPU
		{3F480D8A-591F-44BB-A779-E7F1B1904CE2}.Ad-Hoc|Any CPU.Build.0 = Release|Any CPU
		{3F480D8A-591F-44BB-A779-E7F1B1904CE2}.Ad-Hoc|ARM.ActiveCfg = Release|Any CPU
		{3F480D8A-591F-44BB-A779-E7F1B1904CE2}.Ad-Hoc|ARM.Build.0 = Release|Any CPU
		{3F480D8A-591F-44BB-A779-E7F1B1904CE2}.Ad-Hoc|iPhone.ActiveCfg = Release|Any CPU
		{3F480D8A-591F-44BB-A779-E7F1B1904CE2}.Ad-Hoc|iPhone.Build.0 = Release|Any CPU
		{3F480D8A-591F-44BB-A779-E7F1B1904CE2}.Ad-Hoc|iPhoneSimulator.ActiveCfg = Release|Any CPU
		{3F480D8A-591F-44BB-A779-E7F1B1904CE2}.Ad-Hoc|iPhoneSimulator.Build.0 = Release|Any CPU
		{3F480D8A-591F-44BB-A779-E7F1B1904CE2}.Ad-Hoc|x64.ActiveCfg = Release|Any CPU
		{3F480D8A-591F-44BB-A779-E7F1B1904CE2}.Ad-Hoc|x64.Build.0 = Release|Any CPU
		{3F480D8A-591F-44BB-A779-E7F1B1904CE2}.Ad-Hoc|x86.ActiveCfg = Release|Any CPU
		{3F480D8A-591F-44BB-A779-E7F1B1904CE2}.Ad-Hoc|x86.Build.0 = Release|Any CPU
		{3F480D8A-591F-44BB-A779-E7F1B1904CE2}.AppStore|Any CPU.ActiveCfg = Release|Any CPU
		{3F480D8A-591F-44BB-A779-E7F1B1904CE2}.AppStore|Any CPU.Build.0 = Release|Any CPU
		{3F480D8A-591F-44BB-A779-E7F1B1904CE2}.AppStore|ARM.ActiveCfg = Release|Any CPU
		{3F480D8A-591F-44BB-A779-E7F1B1904CE2}.AppStore|ARM.Build.0 = Release|Any CPU
		{3F480D8A-591F-44BB-A779-E7F1B1904CE2}.AppStore|iPhone.ActiveCfg = Release|Any CPU
		{3F480D8A-591F-44BB-A779-E7F1B1904CE2}.AppStore|iPhone.Build.0 = Release|Any CPU
		{3F480D8A-591F-44BB-A779-E7F1B1904CE2}.AppStore|iPhoneSimulator.ActiveCfg = Release|Any CPU
		{3F480D8A-591F-44BB-A779-E7F1B1904CE2}.AppStore|iPhoneSimulator.Build.0 = Release|Any CPU
		{3F480D8A-591F-44BB-A779-E7F1B1904CE2}.AppStore|x64.ActiveCfg = Release|Any CPU
		{3F480D8A-591F-44BB-A779-E7F1B1904CE2}.AppStore|x64.Build.0 = Release|Any CPU
		{3F480D8A-591F-44BB-A779-E7F1B1904CE2}.AppStore|x86.ActiveCfg = Release|Any CPU
		{3F480D8A-591F-44BB-A779-E7F1B1904CE2}.AppStore|x86.Build.0 = Release|Any CPU
		{3F480D8A-591F-44BB-A779-E7F1B1904CE2}.Debug|Any CPU.ActiveCfg = Debug|Any CPU
		{3F480D8A-591F-44BB-A779-E7F1B1904CE2}.Debug|Any CPU.Build.0 = Debug|Any CPU
		{3F480D8A-591F-44BB-A779-E7F1B1904CE2}.Debug|Any CPU.Deploy.0 = Debug|Any CPU
		{3F480D8A-591F-44BB-A779-E7F1B1904CE2}.Debug|ARM.ActiveCfg = Debug|Any CPU
		{3F480D8A-591F-44BB-A779-E7F1B1904CE2}.Debug|ARM.Build.0 = Debug|Any CPU
		{3F480D8A-591F-44BB-A779-E7F1B1904CE2}.Debug|iPhone.ActiveCfg = Debug|Any CPU
		{3F480D8A-591F-44BB-A779-E7F1B1904CE2}.Debug|iPhone.Build.0 = Debug|Any CPU
		{3F480D8A-591F-44BB-A779-E7F1B1904CE2}.Debug|iPhoneSimulator.ActiveCfg = Debug|Any CPU
		{3F480D8A-591F-44BB-A779-E7F1B1904CE2}.Debug|iPhoneSimulator.Build.0 = Debug|Any CPU
		{3F480D8A-591F-44BB-A779-E7F1B1904CE2}.Debug|x64.ActiveCfg = Debug|Any CPU
		{3F480D8A-591F-44BB-A779-E7F1B1904CE2}.Debug|x64.Build.0 = Debug|Any CPU
		{3F480D8A-591F-44BB-A779-E7F1B1904CE2}.Debug|x86.ActiveCfg = Debug|Any CPU
		{3F480D8A-591F-44BB-A779-E7F1B1904CE2}.Debug|x86.Build.0 = Debug|Any CPU
		{3F480D8A-591F-44BB-A779-E7F1B1904CE2}.Release|Any CPU.ActiveCfg = Release|Any CPU
		{3F480D8A-591F-44BB-A779-E7F1B1904CE2}.Release|Any CPU.Build.0 = Release|Any CPU
		{3F480D8A-591F-44BB-A779-E7F1B1904CE2}.Release|Any CPU.Deploy.0 = Release|Any CPU
		{3F480D8A-591F-44BB-A779-E7F1B1904CE2}.Release|ARM.ActiveCfg = Release|Any CPU
		{3F480D8A-591F-44BB-A779-E7F1B1904CE2}.Release|ARM.Build.0 = Release|Any CPU
		{3F480D8A-591F-44BB-A779-E7F1B1904CE2}.Release|iPhone.ActiveCfg = Release|Any CPU
		{3F480D8A-591F-44BB-A779-E7F1B1904CE2}.Release|iPhone.Build.0 = Release|Any CPU
		{3F480D8A-591F-44BB-A779-E7F1B1904CE2}.Release|iPhoneSimulator.ActiveCfg = Release|Any CPU
		{3F480D8A-591F-44BB-A779-E7F1B1904CE2}.Release|iPhoneSimulator.Build.0 = Release|Any CPU
		{3F480D8A-591F-44BB-A779-E7F1B1904CE2}.Release|x64.ActiveCfg = Release|Any CPU
		{3F480D8A-591F-44BB-A779-E7F1B1904CE2}.Release|x64.Build.0 = Release|Any CPU
		{3F480D8A-591F-44BB-A779-E7F1B1904CE2}.Release|x86.ActiveCfg = Release|Any CPU
		{3F480D8A-591F-44BB-A779-E7F1B1904CE2}.Release|x86.Build.0 = Release|Any CPU
		{6CE2EA02-80DA-48D4-8E08-6CE34CA8F7D2}.Ad-Hoc|Any CPU.ActiveCfg = Release|Any CPU
		{6CE2EA02-80DA-48D4-8E08-6CE34CA8F7D2}.Ad-Hoc|Any CPU.Build.0 = Release|Any CPU
		{6CE2EA02-80DA-48D4-8E08-6CE34CA8F7D2}.Ad-Hoc|ARM.ActiveCfg = Release|Any CPU
		{6CE2EA02-80DA-48D4-8E08-6CE34CA8F7D2}.Ad-Hoc|ARM.Build.0 = Release|Any CPU
		{6CE2EA02-80DA-48D4-8E08-6CE34CA8F7D2}.Ad-Hoc|iPhone.ActiveCfg = Release|Any CPU
		{6CE2EA02-80DA-48D4-8E08-6CE34CA8F7D2}.Ad-Hoc|iPhone.Build.0 = Release|Any CPU
		{6CE2EA02-80DA-48D4-8E08-6CE34CA8F7D2}.Ad-Hoc|iPhoneSimulator.ActiveCfg = Release|Any CPU
		{6CE2EA02-80DA-48D4-8E08-6CE34CA8F7D2}.Ad-Hoc|iPhoneSimulator.Build.0 = Release|Any CPU
		{6CE2EA02-80DA-48D4-8E08-6CE34CA8F7D2}.Ad-Hoc|x64.ActiveCfg = Release|Any CPU
		{6CE2EA02-80DA-48D4-8E08-6CE34CA8F7D2}.Ad-Hoc|x64.Build.0 = Release|Any CPU
		{6CE2EA02-80DA-48D4-8E08-6CE34CA8F7D2}.Ad-Hoc|x86.ActiveCfg = Release|Any CPU
		{6CE2EA02-80DA-48D4-8E08-6CE34CA8F7D2}.Ad-Hoc|x86.Build.0 = Release|Any CPU
		{6CE2EA02-80DA-48D4-8E08-6CE34CA8F7D2}.AppStore|Any CPU.ActiveCfg = Release|Any CPU
		{6CE2EA02-80DA-48D4-8E08-6CE34CA8F7D2}.AppStore|Any CPU.Build.0 = Release|Any CPU
		{6CE2EA02-80DA-48D4-8E08-6CE34CA8F7D2}.AppStore|ARM.ActiveCfg = Release|Any CPU
		{6CE2EA02-80DA-48D4-8E08-6CE34CA8F7D2}.AppStore|ARM.Build.0 = Release|Any CPU
		{6CE2EA02-80DA-48D4-8E08-6CE34CA8F7D2}.AppStore|iPhone.ActiveCfg = Release|Any CPU
		{6CE2EA02-80DA-48D4-8E08-6CE34CA8F7D2}.AppStore|iPhone.Build.0 = Release|Any CPU
		{6CE2EA02-80DA-48D4-8E08-6CE34CA8F7D2}.AppStore|iPhoneSimulator.ActiveCfg = Release|Any CPU
		{6CE2EA02-80DA-48D4-8E08-6CE34CA8F7D2}.AppStore|iPhoneSimulator.Build.0 = Release|Any CPU
		{6CE2EA02-80DA-48D4-8E08-6CE34CA8F7D2}.AppStore|x64.ActiveCfg = Release|Any CPU
		{6CE2EA02-80DA-48D4-8E08-6CE34CA8F7D2}.AppStore|x64.Build.0 = Release|Any CPU
		{6CE2EA02-80DA-48D4-8E08-6CE34CA8F7D2}.AppStore|x86.ActiveCfg = Release|Any CPU
		{6CE2EA02-80DA-48D4-8E08-6CE34CA8F7D2}.AppStore|x86.Build.0 = Release|Any CPU
		{6CE2EA02-80DA-48D4-8E08-6CE34CA8F7D2}.Debug|Any CPU.ActiveCfg = Debug|Any CPU
		{6CE2EA02-80DA-48D4-8E08-6CE34CA8F7D2}.Debug|Any CPU.Build.0 = Debug|Any CPU
		{6CE2EA02-80DA-48D4-8E08-6CE34CA8F7D2}.Debug|ARM.ActiveCfg = Debug|Any CPU
		{6CE2EA02-80DA-48D4-8E08-6CE34CA8F7D2}.Debug|ARM.Build.0 = Debug|Any CPU
		{6CE2EA02-80DA-48D4-8E08-6CE34CA8F7D2}.Debug|iPhone.ActiveCfg = Debug|Any CPU
		{6CE2EA02-80DA-48D4-8E08-6CE34CA8F7D2}.Debug|iPhone.Build.0 = Debug|Any CPU
		{6CE2EA02-80DA-48D4-8E08-6CE34CA8F7D2}.Debug|iPhoneSimulator.ActiveCfg = Debug|Any CPU
		{6CE2EA02-80DA-48D4-8E08-6CE34CA8F7D2}.Debug|iPhoneSimulator.Build.0 = Debug|Any CPU
		{6CE2EA02-80DA-48D4-8E08-6CE34CA8F7D2}.Debug|x64.ActiveCfg = Debug|Any CPU
		{6CE2EA02-80DA-48D4-8E08-6CE34CA8F7D2}.Debug|x64.Build.0 = Debug|Any CPU
		{6CE2EA02-80DA-48D4-8E08-6CE34CA8F7D2}.Debug|x86.ActiveCfg = Debug|Any CPU
		{6CE2EA02-80DA-48D4-8E08-6CE34CA8F7D2}.Debug|x86.Build.0 = Debug|Any CPU
		{6CE2EA02-80DA-48D4-8E08-6CE34CA8F7D2}.Release|Any CPU.ActiveCfg = Release|Any CPU
		{6CE2EA02-80DA-48D4-8E08-6CE34CA8F7D2}.Release|Any CPU.Build.0 = Release|Any CPU
		{6CE2EA02-80DA-48D4-8E08-6CE34CA8F7D2}.Release|ARM.ActiveCfg = Release|Any CPU
		{6CE2EA02-80DA-48D4-8E08-6CE34CA8F7D2}.Release|ARM.Build.0 = Release|Any CPU
		{6CE2EA02-80DA-48D4-8E08-6CE34CA8F7D2}.Release|iPhone.ActiveCfg = Release|Any CPU
		{6CE2EA02-80DA-48D4-8E08-6CE34CA8F7D2}.Release|iPhone.Build.0 = Release|Any CPU
		{6CE2EA02-80DA-48D4-8E08-6CE34CA8F7D2}.Release|iPhoneSimulator.ActiveCfg = Release|Any CPU
		{6CE2EA02-80DA-48D4-8E08-6CE34CA8F7D2}.Release|iPhoneSimulator.Build.0 = Release|Any CPU
		{6CE2EA02-80DA-48D4-8E08-6CE34CA8F7D2}.Release|x64.ActiveCfg = Release|Any CPU
		{6CE2EA02-80DA-48D4-8E08-6CE34CA8F7D2}.Release|x64.Build.0 = Release|Any CPU
		{6CE2EA02-80DA-48D4-8E08-6CE34CA8F7D2}.Release|x86.ActiveCfg = Release|Any CPU
		{6CE2EA02-80DA-48D4-8E08-6CE34CA8F7D2}.Release|x86.Build.0 = Release|Any CPU
	EndGlobalSection
	GlobalSection(SolutionProperties) = preSolution
		HideSolutionNode = FALSE
	EndGlobalSection
	GlobalSection(ExtensibilityGlobals) = postSolution
		SolutionGuid = {F6D05029-56B8-4E45-AF2D-0E76295DDBA2}
	EndGlobalSection
EndGlobal
