
Microsoft Visual Studio Solution File, Format Version 12.00
# Visual Studio 15
VisualStudioVersion = 15.0.26730.10
MinimumVisualStudioVersion = 10.0.40219.1

Project("{6EC3EE1D-3C4E-46DD-8F32-0CC8E7565705}") = "TableViewUpdate", "TableViewUpdate\TableViewUpdate.fsproj", "{8955427E-1CCC-4528-98C8-962BB8997BB5}"
EndProject




Project("{F2A71F9B-5D33-465A-A702-920D77279786}") = "TableViewUpdate.macOS", "TableViewUpdate.macOS\TableViewUpdate.macOS.fsproj", "{D5A6B3FD-1A70-4CE4-8ED9-171D1D4011CE}"
EndProject



Global
	GlobalSection(SolutionConfigurationPlatforms) = preSolution
		Ad-Hoc|Any CPU = Ad-Hoc|Any CPU
		Ad-Hoc|ARM = Ad-Hoc|ARM
		Ad-Hoc|iPhone = Ad-Hoc|iPhone
		Ad-Hoc|iPhoneSimulator = Ad-Hoc|iPhoneSimulator
		Ad-Hoc|x64 = Ad-Hoc|x64
		Ad-Hoc|x86 = Ad-Hoc|x86
		AppStore|Any CPU = AppStore|Any CPU
		AppStore|ARM = AppStore|ARM
		AppStore|iPhone = AppStore|iPhone
		AppStore|iPhoneSimulator = AppStore|iPhoneSimulator
		AppStore|x64 = AppStore|x64
		AppStore|x86 = AppStore|x86
		Debug|Any CPU = Debug|Any CPU
		Debug|ARM = Debug|ARM
		Debug|iPhone = Debug|iPhone
		Debug|iPhoneSimulator = Debug|iPhoneSimulator
		Debug|x64 = Debug|x64
		Debug|x86 = Debug|x86
		Release|Any CPU = Release|Any CPU
		Release|ARM = Release|ARM
		Release|iPhone = Release|iPhone
		Release|iPhoneSimulator = Release|iPhoneSimulator
		Release|x64 = Release|x64
		Release|x86 = Release|x86
	EndGlobalSection
	GlobalSection(ProjectConfigurationPlatforms) = postSolution
		{8955427E-1CCC-4528-98C8-962BB8997BB5}.Ad-Hoc|Any CPU.ActiveCfg = Debug|Any CPU
		{8955427E-1CCC-4528-98C8-962BB8997BB5}.Ad-Hoc|Any CPU.Build.0 = Debug|Any CPU
		{8955427E-1CCC-4528-98C8-962BB8997BB5}.Ad-Hoc|ARM.ActiveCfg = Debug|Any CPU
		{8955427E-1CCC-4528-98C8-962BB8997BB5}.Ad-Hoc|ARM.Build.0 = Debug|Any CPU
		{8955427E-1CCC-4528-98C8-962BB8997BB5}.Ad-Hoc|iPhone.ActiveCfg = Debug|Any CPU
		{8955427E-1CCC-4528-98C8-962BB8997BB5}.Ad-Hoc|iPhone.Build.0 = Debug|Any CPU
		{8955427E-1CCC-4528-98C8-962BB8997BB5}.Ad-Hoc|iPhoneSimulator.ActiveCfg = Debug|Any CPU
		{8955427E-1CCC-4528-98C8-962BB8997BB5}.Ad-Hoc|iPhoneSimulator.Build.0 = Debug|Any CPU
		{8955427E-1CCC-4528-98C8-962BB8997BB5}.Ad-Hoc|x64.ActiveCfg = Debug|Any CPU
		{8955427E-1CCC-4528-98C8-962BB8997BB5}.Ad-Hoc|x64.Build.0 = Debug|Any CPU
		{8955427E-1CCC-4528-98C8-962BB8997BB5}.Ad-Hoc|x86.ActiveCfg = Debug|Any CPU
		{8955427E-1CCC-4528-98C8-962BB8997BB5}.Ad-Hoc|x86.Build.0 = Debug|Any CPU
		{8955427E-1CCC-4528-98C8-962BB8997BB5}.AppStore|Any CPU.ActiveCfg = Debug|Any CPU
		{8955427E-1CCC-4528-98C8-962BB8997BB5}.AppStore|Any CPU.Build.0 = Debug|Any CPU
		{8955427E-1CCC-4528-98C8-962BB8997BB5}.AppStore|ARM.ActiveCfg = Debug|Any CPU
		{8955427E-1CCC-4528-98C8-962BB8997BB5}.AppStore|ARM.Build.0 = Debug|Any CPU
		{8955427E-1CCC-4528-98C8-962BB8997BB5}.AppStore|iPhone.ActiveCfg = Debug|Any CPU
		{8955427E-1CCC-4528-98C8-962BB8997BB5}.AppStore|iPhone.Build.0 = Debug|Any CPU
		{8955427E-1CCC-4528-98C8-962BB8997BB5}.AppStore|iPhoneSimulator.ActiveCfg = Debug|Any CPU
		{8955427E-1CCC-4528-98C8-962BB8997BB5}.AppStore|iPhoneSimulator.Build.0 = Debug|Any CPU
		{8955427E-1CCC-4528-98C8-962BB8997BB5}.AppStore|x64.ActiveCfg = Debug|Any CPU
		{8955427E-1CCC-4528-98C8-962BB8997BB5}.AppStore|x64.Build.0 = Debug|Any CPU
		{8955427E-1CCC-4528-98C8-962BB8997BB5}.AppStore|x86.ActiveCfg = Debug|Any CPU
		{8955427E-1CCC-4528-98C8-962BB8997BB5}.AppStore|x86.Build.0 = Debug|Any CPU
		{8955427E-1CCC-4528-98C8-962BB8997BB5}.Debug|Any CPU.ActiveCfg = Debug|Any CPU
		{8955427E-1CCC-4528-98C8-962BB8997BB5}.Debug|Any CPU.Build.0 = Debug|Any CPU
		{8955427E-1CCC-4528-98C8-962BB8997BB5}.Debug|ARM.ActiveCfg = Debug|Any CPU
		{8955427E-1CCC-4528-98C8-962BB8997BB5}.Debug|ARM.Build.0 = Debug|Any CPU
		{8955427E-1CCC-4528-98C8-962BB8997BB5}.Debug|iPhone.ActiveCfg = Debug|Any CPU
		{8955427E-1CCC-4528-98C8-962BB8997BB5}.Debug|iPhone.Build.0 = Debug|Any CPU
		{8955427E-1CCC-4528-98C8-962BB8997BB5}.Debug|iPhoneSimulator.ActiveCfg = Debug|Any CPU
		{8955427E-1CCC-4528-98C8-962BB8997BB5}.Debug|iPhoneSimulator.Build.0 = Debug|Any CPU
		{8955427E-1CCC-4528-98C8-962BB8997BB5}.Debug|x64.ActiveCfg = Debug|Any CPU
		{8955427E-1CCC-4528-98C8-962BB8997BB5}.Debug|x64.Build.0 = Debug|Any CPU
		{8955427E-1CCC-4528-98C8-962BB8997BB5}.Debug|x86.ActiveCfg = Debug|Any CPU
		{8955427E-1CCC-4528-98C8-962BB8997BB5}.Debug|x86.Build.0 = Debug|Any CPU
		{8955427E-1CCC-4528-98C8-962BB8997BB5}.Release|Any CPU.ActiveCfg = Release|Any CPU
		{8955427E-1CCC-4528-98C8-962BB8997BB5}.Release|Any CPU.Build.0 = Release|Any CPU
		{8955427E-1CCC-4528-98C8-962BB8997BB5}.Release|ARM.ActiveCfg = Release|Any CPU
		{8955427E-1CCC-4528-98C8-962BB8997BB5}.Release|ARM.Build.0 = Release|Any CPU
		{8955427E-1CCC-4528-98C8-962BB8997BB5}.Release|iPhone.ActiveCfg = Release|Any CPU
		{8955427E-1CCC-4528-98C8-962BB8997BB5}.Release|iPhone.Build.0 = Release|Any CPU
		{8955427E-1CCC-4528-98C8-962BB8997BB5}.Release|iPhoneSimulator.ActiveCfg = Release|Any CPU
		{8955427E-1CCC-4528-98C8-962BB8997BB5}.Release|iPhoneSimulator.Build.0 = Release|Any CPU
		{8955427E-1CCC-4528-98C8-962BB8997BB5}.Release|x64.ActiveCfg = Release|Any CPU
		{8955427E-1CCC-4528-98C8-962BB8997BB5}.Release|x64.Build.0 = Release|Any CPU
		{8955427E-1CCC-4528-98C8-962BB8997BB5}.Release|x86.ActiveCfg = Release|Any CPU
		{8955427E-1CCC-4528-98C8-962BB8997BB5}.Release|x86.Build.0 = Release|Any CPU
		{8639A115-C9F9-4563-9F7C-3CBE5116AAE4}.Ad-Hoc|Any CPU.ActiveCfg = Ad-Hoc|iPhone
		{8639A115-C9F9-4563-9F7C-3CBE5116AAE4}.Ad-Hoc|ARM.ActiveCfg = Ad-Hoc|iPhone
		{8639A115-C9F9-4563-9F7C-3CBE5116AAE4}.Ad-Hoc|iPhone.ActiveCfg = Ad-Hoc|iPhone
		{8639A115-C9F9-4563-9F7C-3CBE5116AAE4}.Ad-Hoc|iPhone.Build.0 = Ad-Hoc|iPhone
		{8639A115-C9F9-4563-9F7C-3CBE5116AAE4}.Ad-Hoc|iPhoneSimulator.ActiveCfg = Ad-Hoc|iPhoneSimulator
		{8639A115-C9F9-4563-9F7C-3CBE5116AAE4}.Ad-Hoc|iPhoneSimulator.Build.0 = Ad-Hoc|iPhoneSimulator
		{8639A115-C9F9-4563-9F7C-3CBE5116AAE4}.Ad-Hoc|x64.ActiveCfg = Ad-Hoc|iPhone
		{8639A115-C9F9-4563-9F7C-3CBE5116AAE4}.Ad-Hoc|x86.ActiveCfg = Ad-Hoc|iPhone
		{8639A115-C9F9-4563-9F7C-3CBE5116AAE4}.AppStore|Any CPU.ActiveCfg = AppStore|iPhone
		{8639A115-C9F9-4563-9F7C-3CBE5116AAE4}.AppStore|ARM.ActiveCfg = AppStore|iPhone
		{8639A115-C9F9-4563-9F7C-3CBE5116AAE4}.AppStore|iPhone.ActiveCfg = AppStore|iPhone
		{8639A115-C9F9-4563-9F7C-3CBE5116AAE4}.AppStore|iPhone.Build.0 = AppStore|iPhone
		{8639A115-C9F9-4563-9F7C-3CBE5116AAE4}.AppStore|iPhoneSimulator.ActiveCfg = AppStore|iPhoneSimulator
		{8639A115-C9F9-4563-9F7C-3CBE5116AAE4}.AppStore|iPhoneSimulator.Build.0 = AppStore|iPhoneSimulator
		{8639A115-C9F9-4563-9F7C-3CBE5116AAE4}.AppStore|x64.ActiveCfg = AppStore|iPhone
		{8639A115-C9F9-4563-9F7C-3CBE5116AAE4}.AppStore|x86.ActiveCfg = AppStore|iPhone
		{8639A115-C9F9-4563-9F7C-3CBE5116AAE4}.Debug|Any CPU.ActiveCfg = Debug|iPhone
		{8639A115-C9F9-4563-9F7C-3CBE5116AAE4}.Debug|ARM.ActiveCfg = Debug|iPhone
		{8639A115-C9F9-4563-9F7C-3CBE5116AAE4}.Debug|iPhone.ActiveCfg = Debug|iPhone
		{8639A115-C9F9-4563-9F7C-3CBE5116AAE4}.Debug|iPhone.Build.0 = Debug|iPhone
		{8639A115-C9F9-4563-9F7C-3CBE5116AAE4}.Debug|iPhoneSimulator.ActiveCfg = Debug|iPhoneSimulator
		{8639A115-C9F9-4563-9F7C-3CBE5116AAE4}.Debug|iPhoneSimulator.Build.0 = Debug|iPhoneSimulator
		{8639A115-C9F9-4563-9F7C-3CBE5116AAE4}.Debug|x64.ActiveCfg = Debug|iPhone
		{8639A115-C9F9-4563-9F7C-3CBE5116AAE4}.Debug|x86.ActiveCfg = Debug|iPhone
		{8639A115-C9F9-4563-9F7C-3CBE5116AAE4}.Release|Any CPU.ActiveCfg = Release|iPhone
		{8639A115-C9F9-4563-9F7C-3CBE5116AAE4}.Release|ARM.ActiveCfg = Release|iPhone
		{8639A115-C9F9-4563-9F7C-3CBE5116AAE4}.Release|iPhone.ActiveCfg = Release|iPhone
		{8639A115-C9F9-4563-9F7C-3CBE5116AAE4}.Release|iPhone.Build.0 = Release|iPhone
		{8639A115-C9F9-4563-9F7C-3CBE5116AAE4}.Release|iPhoneSimulator.ActiveCfg = Release|iPhoneSimulator
		{8639A115-C9F9-4563-9F7C-3CBE5116AAE4}.Release|iPhoneSimulator.Build.0 = Release|iPhoneSimulator
		{8639A115-C9F9-4563-9F7C-3CBE5116AAE4}.Release|x64.ActiveCfg = Release|iPhone
		{8639A115-C9F9-4563-9F7C-3CBE5116AAE4}.Release|x86.ActiveCfg = Release|iPhone
		{C9AF35A1-2B71-47FB-AE0A-DDE95D01094B}.Ad-Hoc|Any CPU.ActiveCfg = Release|x86
		{C9AF35A1-2B71-47FB-AE0A-DDE95D01094B}.Ad-Hoc|Any CPU.Build.0 = Release|x86
		{C9AF35A1-2B71-47FB-AE0A-DDE95D01094B}.Ad-Hoc|Any CPU.Deploy.0 = Release|x86
		{C9AF35A1-2B71-47FB-AE0A-DDE95D01094B}.Ad-Hoc|ARM.ActiveCfg = Release|ARM
		{C9AF35A1-2B71-47FB-AE0A-DDE95D01094B}.Ad-Hoc|ARM.Build.0 = Release|ARM
		{C9AF35A1-2B71-47FB-AE0A-DDE95D01094B}.Ad-Hoc|ARM.Deploy.0 = Release|ARM
		{C9AF35A1-2B71-47FB-AE0A-DDE95D01094B}.Ad-Hoc|iPhone.ActiveCfg = Release|x86
		{C9AF35A1-2B71-47FB-AE0A-DDE95D01094B}.Ad-Hoc|iPhone.Build.0 = Release|x86
		{C9AF35A1-2B71-47FB-AE0A-DDE95D01094B}.Ad-Hoc|iPhone.Deploy.0 = Release|x86
		{C9AF35A1-2B71-47FB-AE0A-DDE95D01094B}.Ad-Hoc|iPhoneSimulator.ActiveCfg = Release|x86
		{C9AF35A1-2B71-47FB-AE0A-DDE95D01094B}.Ad-Hoc|iPhoneSimulator.Build.0 = Release|x86
		{C9AF35A1-2B71-47FB-AE0A-DDE95D01094B}.Ad-Hoc|iPhoneSimulator.Deploy.0 = Release|x86
		{C9AF35A1-2B71-47FB-AE0A-DDE95D01094B}.Ad-Hoc|x64.ActiveCfg = Release|x64
		{C9AF35A1-2B71-47FB-AE0A-DDE95D01094B}.Ad-Hoc|x64.Build.0 = Release|x64
		{C9AF35A1-2B71-47FB-AE0A-DDE95D01094B}.Ad-Hoc|x64.Deploy.0 = Release|x64
		{C9AF35A1-2B71-47FB-AE0A-DDE95D01094B}.Ad-Hoc|x86.ActiveCfg = Release|x86
		{C9AF35A1-2B71-47FB-AE0A-DDE95D01094B}.Ad-Hoc|x86.Build.0 = Release|x86
		{C9AF35A1-2B71-47FB-AE0A-DDE95D01094B}.Ad-Hoc|x86.Deploy.0 = Release|x86
		{C9AF35A1-2B71-47FB-AE0A-DDE95D01094B}.AppStore|Any CPU.ActiveCfg = Release|x86
		{C9AF35A1-2B71-47FB-AE0A-DDE95D01094B}.AppStore|Any CPU.Build.0 = Release|x86
		{C9AF35A1-2B71-47FB-AE0A-DDE95D01094B}.AppStore|Any CPU.Deploy.0 = Release|x86
		{C9AF35A1-2B71-47FB-AE0A-DDE95D01094B}.AppStore|ARM.ActiveCfg = Release|ARM
		{C9AF35A1-2B71-47FB-AE0A-DDE95D01094B}.AppStore|ARM.Build.0 = Release|ARM
		{C9AF35A1-2B71-47FB-AE0A-DDE95D01094B}.AppStore|ARM.Deploy.0 = Release|ARM
		{C9AF35A1-2B71-47FB-AE0A-DDE95D01094B}.AppStore|iPhone.ActiveCfg = Release|x86
		{C9AF35A1-2B71-47FB-AE0A-DDE95D01094B}.AppStore|iPhone.Build.0 = Release|x86
		{C9AF35A1-2B71-47FB-AE0A-DDE95D01094B}.AppStore|iPhone.Deploy.0 = Release|x86
		{C9AF35A1-2B71-47FB-AE0A-DDE95D01094B}.AppStore|iPhoneSimulator.ActiveCfg = Release|x86
		{C9AF35A1-2B71-47FB-AE0A-DDE95D01094B}.AppStore|iPhoneSimulator.Build.0 = Release|x86
		{C9AF35A1-2B71-47FB-AE0A-DDE95D01094B}.AppStore|iPhoneSimulator.Deploy.0 = Release|x86
		{C9AF35A1-2B71-47FB-AE0A-DDE95D01094B}.AppStore|x64.ActiveCfg = Release|x64
		{C9AF35A1-2B71-47FB-AE0A-DDE95D01094B}.AppStore|x64.Build.0 = Release|x64
		{C9AF35A1-2B71-47FB-AE0A-DDE95D01094B}.AppStore|x64.Deploy.0 = Release|x64
		{C9AF35A1-2B71-47FB-AE0A-DDE95D01094B}.AppStore|x86.ActiveCfg = Release|x86
		{C9AF35A1-2B71-47FB-AE0A-DDE95D01094B}.AppStore|x86.Build.0 = Release|x86
		{C9AF35A1-2B71-47FB-AE0A-DDE95D01094B}.AppStore|x86.Deploy.0 = Release|x86
		{C9AF35A1-2B71-47FB-AE0A-DDE95D01094B}.Debug|Any CPU.ActiveCfg = Debug|x86
		{C9AF35A1-2B71-47FB-AE0A-DDE95D01094B}.Debug|ARM.ActiveCfg = Debug|ARM
		{C9AF35A1-2B71-47FB-AE0A-DDE95D01094B}.Debug|ARM.Build.0 = Debug|ARM
		{C9AF35A1-2B71-47FB-AE0A-DDE95D01094B}.Debug|ARM.Deploy.0 = Debug|ARM
		{C9AF35A1-2B71-47FB-AE0A-DDE95D01094B}.Debug|iPhone.ActiveCfg = Debug|x86
		{C9AF35A1-2B71-47FB-AE0A-DDE95D01094B}.Debug|iPhoneSimulator.ActiveCfg = Debug|x86
		{C9AF35A1-2B71-47FB-AE0A-DDE95D01094B}.Debug|x64.ActiveCfg = Debug|x64
		{C9AF35A1-2B71-47FB-AE0A-DDE95D01094B}.Debug|x64.Build.0 = Debug|x64
		{C9AF35A1-2B71-47FB-AE0A-DDE95D01094B}.Debug|x64.Deploy.0 = Debug|x64
		{C9AF35A1-2B71-47FB-AE0A-DDE95D01094B}.Debug|x86.ActiveCfg = Debug|x86
		{C9AF35A1-2B71-47FB-AE0A-DDE95D01094B}.Debug|x86.Build.0 = Debug|x86
		{C9AF35A1-2B71-47FB-AE0A-DDE95D01094B}.Debug|x86.Deploy.0 = Debug|x86
		{C9AF35A1-2B71-47FB-AE0A-DDE95D01094B}.Release|Any CPU.ActiveCfg = Release|x86
		{C9AF35A1-2B71-47FB-AE0A-DDE95D01094B}.Release|ARM.ActiveCfg = Release|ARM
		{C9AF35A1-2B71-47FB-AE0A-DDE95D01094B}.Release|ARM.Build.0 = Release|ARM
		{C9AF35A1-2B71-47FB-AE0A-DDE95D01094B}.Release|ARM.Deploy.0 = Release|ARM
		{C9AF35A1-2B71-47FB-AE0A-DDE95D01094B}.Release|iPhone.ActiveCfg = Release|x86
		{C9AF35A1-2B71-47FB-AE0A-DDE95D01094B}.Release|iPhoneSimulator.ActiveCfg = Release|x86
		{C9AF35A1-2B71-47FB-AE0A-DDE95D01094B}.Release|x64.ActiveCfg = Release|x64
		{C9AF35A1-2B71-47FB-AE0A-DDE95D01094B}.Release|x64.Build.0 = Release|x64
		{C9AF35A1-2B71-47FB-AE0A-DDE95D01094B}.Release|x64.Deploy.0 = Release|x64
		{C9AF35A1-2B71-47FB-AE0A-DDE95D01094B}.Release|x86.ActiveCfg = Release|x86
		{C9AF35A1-2B71-47FB-AE0A-DDE95D01094B}.Release|x86.Build.0 = Release|x86
		{C9AF35A1-2B71-47FB-AE0A-DDE95D01094B}.Release|x86.Deploy.0 = Release|x86
		{D5A6B3FD-1A70-4CE4-8ED9-171D1D4011CE}.Ad-Hoc|Any CPU.ActiveCfg = Release|Any CPU
		{D5A6B3FD-1A70-4CE4-8ED9-171D1D4011CE}.Ad-Hoc|Any CPU.Build.0 = Release|Any CPU
		{D5A6B3FD-1A70-4CE4-8ED9-171D1D4011CE}.Ad-Hoc|ARM.ActiveCfg = Release|Any CPU
		{D5A6B3FD-1A70-4CE4-8ED9-171D1D4011CE}.Ad-Hoc|ARM.Build.0 = Release|Any CPU
		{D5A6B3FD-1A70-4CE4-8ED9-171D1D4011CE}.Ad-Hoc|iPhone.ActiveCfg = Release|Any CPU
		{D5A6B3FD-1A70-4CE4-8ED9-171D1D4011CE}.Ad-Hoc|iPhone.Build.0 = Release|Any CPU
		{D5A6B3FD-1A70-4CE4-8ED9-171D1D4011CE}.Ad-Hoc|iPhoneSimulator.ActiveCfg = Release|Any CPU
		{D5A6B3FD-1A70-4CE4-8ED9-171D1D4011CE}.Ad-Hoc|iPhoneSimulator.Build.0 = Release|Any CPU
		{D5A6B3FD-1A70-4CE4-8ED9-171D1D4011CE}.Ad-Hoc|x64.ActiveCfg = Release|Any CPU
		{D5A6B3FD-1A70-4CE4-8ED9-171D1D4011CE}.Ad-Hoc|x64.Build.0 = Release|Any CPU
		{D5A6B3FD-1A70-4CE4-8ED9-171D1D4011CE}.Ad-Hoc|x86.ActiveCfg = Release|Any CPU
		{D5A6B3FD-1A70-4CE4-8ED9-171D1D4011CE}.Ad-Hoc|x86.Build.0 = Release|Any CPU
		{D5A6B3FD-1A70-4CE4-8ED9-171D1D4011CE}.AppStore|Any CPU.ActiveCfg = Release|Any CPU
		{D5A6B3FD-1A70-4CE4-8ED9-171D1D4011CE}.AppStore|Any CPU.Build.0 = Release|Any CPU
		{D5A6B3FD-1A70-4CE4-8ED9-171D1D4011CE}.AppStore|ARM.ActiveCfg = Release|Any CPU
		{D5A6B3FD-1A70-4CE4-8ED9-171D1D4011CE}.AppStore|ARM.Build.0 = Release|Any CPU
		{D5A6B3FD-1A70-4CE4-8ED9-171D1D4011CE}.AppStore|iPhone.ActiveCfg = Release|Any CPU
		{D5A6B3FD-1A70-4CE4-8ED9-171D1D4011CE}.AppStore|iPhone.Build.0 = Release|Any CPU
		{D5A6B3FD-1A70-4CE4-8ED9-171D1D4011CE}.AppStore|iPhoneSimulator.ActiveCfg = Release|Any CPU
		{D5A6B3FD-1A70-4CE4-8ED9-171D1D4011CE}.AppStore|iPhoneSimulator.Build.0 = Release|Any CPU
		{D5A6B3FD-1A70-4CE4-8ED9-171D1D4011CE}.AppStore|x64.ActiveCfg = Release|Any CPU
		{D5A6B3FD-1A70-4CE4-8ED9-171D1D4011CE}.AppStore|x64.Build.0 = Release|Any CPU
		{D5A6B3FD-1A70-4CE4-8ED9-171D1D4011CE}.AppStore|x86.ActiveCfg = Release|Any CPU
		{D5A6B3FD-1A70-4CE4-8ED9-171D1D4011CE}.AppStore|x86.Build.0 = Release|Any CPU
		{D5A6B3FD-1A70-4CE4-8ED9-171D1D4011CE}.Debug|Any CPU.ActiveCfg = Debug|Any CPU
		{D5A6B3FD-1A70-4CE4-8ED9-171D1D4011CE}.Debug|Any CPU.Build.0 = Debug|Any CPU
		{D5A6B3FD-1A70-4CE4-8ED9-171D1D4011CE}.Debug|ARM.ActiveCfg = Debug|Any CPU
		{D5A6B3FD-1A70-4CE4-8ED9-171D1D4011CE}.Debug|ARM.Build.0 = Debug|Any CPU
		{D5A6B3FD-1A70-4CE4-8ED9-171D1D4011CE}.Debug|iPhone.ActiveCfg = Debug|Any CPU
		{D5A6B3FD-1A70-4CE4-8ED9-171D1D4011CE}.Debug|iPhone.Build.0 = Debug|Any CPU
		{D5A6B3FD-1A70-4CE4-8ED9-171D1D4011CE}.Debug|iPhoneSimulator.ActiveCfg = Debug|Any CPU
		{D5A6B3FD-1A70-4CE4-8ED9-171D1D4011CE}.Debug|iPhoneSimulator.Build.0 = Debug|Any CPU
		{D5A6B3FD-1A70-4CE4-8ED9-171D1D4011CE}.Debug|x64.ActiveCfg = Debug|Any CPU
		{D5A6B3FD-1A70-4CE4-8ED9-171D1D4011CE}.Debug|x64.Build.0 = Debug|Any CPU
		{D5A6B3FD-1A70-4CE4-8ED9-171D1D4011CE}.Debug|x86.ActiveCfg = Debug|Any CPU
		{D5A6B3FD-1A70-4CE4-8ED9-171D1D4011CE}.Debug|x86.Build.0 = Debug|Any CPU
		{D5A6B3FD-1A70-4CE4-8ED9-171D1D4011CE}.Release|Any CPU.ActiveCfg = Release|Any CPU
		{D5A6B3FD-1A70-4CE4-8ED9-171D1D4011CE}.Release|Any CPU.Build.0 = Release|Any CPU
		{D5A6B3FD-1A70-4CE4-8ED9-171D1D4011CE}.Release|ARM.ActiveCfg = Release|Any CPU
		{D5A6B3FD-1A70-4CE4-8ED9-171D1D4011CE}.Release|ARM.Build.0 = Release|Any CPU
		{D5A6B3FD-1A70-4CE4-8ED9-171D1D4011CE}.Release|iPhone.ActiveCfg = Release|Any CPU
		{D5A6B3FD-1A70-4CE4-8ED9-171D1D4011CE}.Release|iPhone.Build.0 = Release|Any CPU
		{D5A6B3FD-1A70-4CE4-8ED9-171D1D4011CE}.Release|iPhoneSimulator.ActiveCfg = Release|Any CPU
		{D5A6B3FD-1A70-4CE4-8ED9-171D1D4011CE}.Release|iPhoneSimulator.Build.0 = Release|Any CPU
		{D5A6B3FD-1A70-4CE4-8ED9-171D1D4011CE}.Release|x64.ActiveCfg = Release|Any CPU
		{D5A6B3FD-1A70-4CE4-8ED9-171D1D4011CE}.Release|x64.Build.0 = Release|Any CPU
		{D5A6B3FD-1A70-4CE4-8ED9-171D1D4011CE}.Release|x86.ActiveCfg = Release|Any CPU
		{D5A6B3FD-1A70-4CE4-8ED9-171D1D4011CE}.Release|x86.Build.0 = Release|Any CPU
		{B6AE120A-2440-4222-9C3C-EB7F494D938C}.Ad-Hoc|Any CPU.ActiveCfg = Release|Any CPU
		{B6AE120A-2440-4222-9C3C-EB7F494D938C}.Ad-Hoc|Any CPU.Build.0 = Release|Any CPU
		{B6AE120A-2440-4222-9C3C-EB7F494D938C}.Ad-Hoc|ARM.ActiveCfg = Release|Any CPU
		{B6AE120A-2440-4222-9C3C-EB7F494D938C}.Ad-Hoc|ARM.Build.0 = Release|Any CPU
		{B6AE120A-2440-4222-9C3C-EB7F494D938C}.Ad-Hoc|iPhone.ActiveCfg = Release|Any CPU
		{B6AE120A-2440-4222-9C3C-EB7F494D938C}.Ad-Hoc|iPhone.Build.0 = Release|Any CPU
		{B6AE120A-2440-4222-9C3C-EB7F494D938C}.Ad-Hoc|iPhoneSimulator.ActiveCfg = Release|Any CPU
		{B6AE120A-2440-4222-9C3C-EB7F494D938C}.Ad-Hoc|iPhoneSimulator.Build.0 = Release|Any CPU
		{B6AE120A-2440-4222-9C3C-EB7F494D938C}.Ad-Hoc|x64.ActiveCfg = Release|Any CPU
		{B6AE120A-2440-4222-9C3C-EB7F494D938C}.Ad-Hoc|x64.Build.0 = Release|Any CPU
		{B6AE120A-2440-4222-9C3C-EB7F494D938C}.Ad-Hoc|x86.ActiveCfg = Release|Any CPU
		{B6AE120A-2440-4222-9C3C-EB7F494D938C}.Ad-Hoc|x86.Build.0 = Release|Any CPU
		{B6AE120A-2440-4222-9C3C-EB7F494D938C}.AppStore|Any CPU.ActiveCfg = Release|Any CPU
		{B6AE120A-2440-4222-9C3C-EB7F494D938C}.AppStore|Any CPU.Build.0 = Release|Any CPU
		{B6AE120A-2440-4222-9C3C-EB7F494D938C}.AppStore|ARM.ActiveCfg = Release|Any CPU
		{B6AE120A-2440-4222-9C3C-EB7F494D938C}.AppStore|ARM.Build.0 = Release|Any CPU
		{B6AE120A-2440-4222-9C3C-EB7F494D938C}.AppStore|iPhone.ActiveCfg = Release|Any CPU
		{B6AE120A-2440-4222-9C3C-EB7F494D938C}.AppStore|iPhone.Build.0 = Release|Any CPU
		{B6AE120A-2440-4222-9C3C-EB7F494D938C}.AppStore|iPhoneSimulator.ActiveCfg = Release|Any CPU
		{B6AE120A-2440-4222-9C3C-EB7F494D938C}.AppStore|iPhoneSimulator.Build.0 = Release|Any CPU
		{B6AE120A-2440-4222-9C3C-EB7F494D938C}.AppStore|x64.ActiveCfg = Release|Any CPU
		{B6AE120A-2440-4222-9C3C-EB7F494D938C}.AppStore|x64.Build.0 = Release|Any CPU
		{B6AE120A-2440-4222-9C3C-EB7F494D938C}.AppStore|x86.ActiveCfg = Release|Any CPU
		{B6AE120A-2440-4222-9C3C-EB7F494D938C}.AppStore|x86.Build.0 = Release|Any CPU
		{B6AE120A-2440-4222-9C3C-EB7F494D938C}.Debug|Any CPU.ActiveCfg = Debug|Any CPU
		{B6AE120A-2440-4222-9C3C-EB7F494D938C}.Debug|Any CPU.Build.0 = Debug|Any CPU
		{B6AE120A-2440-4222-9C3C-EB7F494D938C}.Debug|ARM.ActiveCfg = Debug|Any CPU
		{B6AE120A-2440-4222-9C3C-EB7F494D938C}.Debug|ARM.Build.0 = Debug|Any CPU
		{B6AE120A-2440-4222-9C3C-EB7F494D938C}.Debug|iPhone.ActiveCfg = Debug|Any CPU
		{B6AE120A-2440-4222-9C3C-EB7F494D938C}.Debug|iPhone.Build.0 = Debug|Any CPU
		{B6AE120A-2440-4222-9C3C-EB7F494D938C}.Debug|iPhoneSimulator.ActiveCfg = Debug|Any CPU
		{B6AE120A-2440-4222-9C3C-EB7F494D938C}.Debug|iPhoneSimulator.Build.0 = Debug|Any CPU
		{B6AE120A-2440-4222-9C3C-EB7F494D938C}.Debug|x64.ActiveCfg = Debug|Any CPU
		{B6AE120A-2440-4222-9C3C-EB7F494D938C}.Debug|x64.Build.0 = Debug|Any CPU
		{B6AE120A-2440-4222-9C3C-EB7F494D938C}.Debug|x86.ActiveCfg = Debug|Any CPU
		{B6AE120A-2440-4222-9C3C-EB7F494D938C}.Debug|x86.Build.0 = Debug|Any CPU
		{B6AE120A-2440-4222-9C3C-EB7F494D938C}.Release|Any CPU.ActiveCfg = Release|Any CPU
		{B6AE120A-2440-4222-9C3C-EB7F494D938C}.Release|Any CPU.Build.0 = Release|Any CPU
		{B6AE120A-2440-4222-9C3C-EB7F494D938C}.Release|ARM.ActiveCfg = Release|Any CPU
		{B6AE120A-2440-4222-9C3C-EB7F494D938C}.Release|ARM.Build.0 = Release|Any CPU
		{B6AE120A-2440-4222-9C3C-EB7F494D938C}.Release|iPhone.ActiveCfg = Release|Any CPU
		{B6AE120A-2440-4222-9C3C-EB7F494D938C}.Release|iPhone.Build.0 = Release|Any CPU
		{B6AE120A-2440-4222-9C3C-EB7F494D938C}.Release|iPhoneSimulator.ActiveCfg = Release|Any CPU
		{B6AE120A-2440-4222-9C3C-EB7F494D938C}.Release|iPhoneSimulator.Build.0 = Release|Any CPU
		{B6AE120A-2440-4222-9C3C-EB7F494D938C}.Release|x64.ActiveCfg = Release|Any CPU
		{B6AE120A-2440-4222-9C3C-EB7F494D938C}.Release|x64.Build.0 = Release|Any CPU
		{B6AE120A-2440-4222-9C3C-EB7F494D938C}.Release|x86.ActiveCfg = Release|Any CPU
		{B6AE120A-2440-4222-9C3C-EB7F494D938C}.Release|x86.Build.0 = Release|Any CPU
		{2AA6B001-F211-4C5F-B21C-01A8B3E8A9DC}.Ad-Hoc|Any CPU.ActiveCfg = Release|Any CPU
		{2AA6B001-F211-4C5F-B21C-01A8B3E8A9DC}.Ad-Hoc|Any CPU.Build.0 = Release|Any CPU
		{2AA6B001-F211-4C5F-B21C-01A8B3E8A9DC}.Ad-Hoc|ARM.ActiveCfg = Release|Any CPU
		{2AA6B001-F211-4C5F-B21C-01A8B3E8A9DC}.Ad-Hoc|ARM.Build.0 = Release|Any CPU
		{2AA6B001-F211-4C5F-B21C-01A8B3E8A9DC}.Ad-Hoc|iPhone.ActiveCfg = Release|Any CPU
		{2AA6B001-F211-4C5F-B21C-01A8B3E8A9DC}.Ad-Hoc|iPhone.Build.0 = Release|Any CPU
		{2AA6B001-F211-4C5F-B21C-01A8B3E8A9DC}.Ad-Hoc|iPhoneSimulator.ActiveCfg = Release|Any CPU
		{2AA6B001-F211-4C5F-B21C-01A8B3E8A9DC}.Ad-Hoc|iPhoneSimulator.Build.0 = Release|Any CPU
		{2AA6B001-F211-4C5F-B21C-01A8B3E8A9DC}.Ad-Hoc|x64.ActiveCfg = Release|Any CPU
		{2AA6B001-F211-4C5F-B21C-01A8B3E8A9DC}.Ad-Hoc|x64.Build.0 = Release|Any CPU
		{2AA6B001-F211-4C5F-B21C-01A8B3E8A9DC}.Ad-Hoc|x86.ActiveCfg = Release|Any CPU
		{2AA6B001-F211-4C5F-B21C-01A8B3E8A9DC}.Ad-Hoc|x86.Build.0 = Release|Any CPU
		{2AA6B001-F211-4C5F-B21C-01A8B3E8A9DC}.AppStore|Any CPU.ActiveCfg = Release|Any CPU
		{2AA6B001-F211-4C5F-B21C-01A8B3E8A9DC}.AppStore|Any CPU.Build.0 = Release|Any CPU
		{2AA6B001-F211-4C5F-B21C-01A8B3E8A9DC}.AppStore|ARM.ActiveCfg = Release|Any CPU
		{2AA6B001-F211-4C5F-B21C-01A8B3E8A9DC}.AppStore|ARM.Build.0 = Release|Any CPU
		{2AA6B001-F211-4C5F-B21C-01A8B3E8A9DC}.AppStore|iPhone.ActiveCfg = Release|Any CPU
		{2AA6B001-F211-4C5F-B21C-01A8B3E8A9DC}.AppStore|iPhone.Build.0 = Release|Any CPU
		{2AA6B001-F211-4C5F-B21C-01A8B3E8A9DC}.AppStore|iPhoneSimulator.ActiveCfg = Release|Any CPU
		{2AA6B001-F211-4C5F-B21C-01A8B3E8A9DC}.AppStore|iPhoneSimulator.Build.0 = Release|Any CPU
		{2AA6B001-F211-4C5F-B21C-01A8B3E8A9DC}.AppStore|x64.ActiveCfg = Release|Any CPU
		{2AA6B001-F211-4C5F-B21C-01A8B3E8A9DC}.AppStore|x64.Build.0 = Release|Any CPU
		{2AA6B001-F211-4C5F-B21C-01A8B3E8A9DC}.AppStore|x86.ActiveCfg = Release|Any CPU
		{2AA6B001-F211-4C5F-B21C-01A8B3E8A9DC}.AppStore|x86.Build.0 = Release|Any CPU
		{2AA6B001-F211-4C5F-B21C-01A8B3E8A9DC}.Debug|Any CPU.ActiveCfg = Debug|Any CPU
		{2AA6B001-F211-4C5F-B21C-01A8B3E8A9DC}.Debug|Any CPU.Build.0 = Debug|Any CPU
		{2AA6B001-F211-4C5F-B21C-01A8B3E8A9DC}.Debug|Any CPU.Deploy.0 = Debug|Any CPU
		{2AA6B001-F211-4C5F-B21C-01A8B3E8A9DC}.Debug|ARM.ActiveCfg = Debug|Any CPU
		{2AA6B001-F211-4C5F-B21C-01A8B3E8A9DC}.Debug|ARM.Build.0 = Debug|Any CPU
		{2AA6B001-F211-4C5F-B21C-01A8B3E8A9DC}.Debug|iPhone.ActiveCfg = Debug|Any CPU
		{2AA6B001-F211-4C5F-B21C-01A8B3E8A9DC}.Debug|iPhone.Build.0 = Debug|Any CPU
		{2AA6B001-F211-4C5F-B21C-01A8B3E8A9DC}.Debug|iPhoneSimulator.ActiveCfg = Debug|Any CPU
		{2AA6B001-F211-4C5F-B21C-01A8B3E8A9DC}.Debug|iPhoneSimulator.Build.0 = Debug|Any CPU
		{2AA6B001-F211-4C5F-B21C-01A8B3E8A9DC}.Debug|x64.ActiveCfg = Debug|Any CPU
		{2AA6B001-F211-4C5F-B21C-01A8B3E8A9DC}.Debug|x64.Build.0 = Debug|Any CPU
		{2AA6B001-F211-4C5F-B21C-01A8B3E8A9DC}.Debug|x86.ActiveCfg = Debug|Any CPU
		{2AA6B001-F211-4C5F-B21C-01A8B3E8A9DC}.Debug|x86.Build.0 = Debug|Any CPU
		{2AA6B001-F211-4C5F-B21C-01A8B3E8A9DC}.Release|Any CPU.ActiveCfg = Release|Any CPU
		{2AA6B001-F211-4C5F-B21C-01A8B3E8A9DC}.Release|Any CPU.Build.0 = Release|Any CPU
		{2AA6B001-F211-4C5F-B21C-01A8B3E8A9DC}.Release|Any CPU.Deploy.0 = Release|Any CPU
		{2AA6B001-F211-4C5F-B21C-01A8B3E8A9DC}.Release|ARM.ActiveCfg = Release|Any CPU
		{2AA6B001-F211-4C5F-B21C-01A8B3E8A9DC}.Release|ARM.Build.0 = Release|Any CPU
		{2AA6B001-F211-4C5F-B21C-01A8B3E8A9DC}.Release|iPhone.ActiveCfg = Release|Any CPU
		{2AA6B001-F211-4C5F-B21C-01A8B3E8A9DC}.Release|iPhone.Build.0 = Release|Any CPU
		{2AA6B001-F211-4C5F-B21C-01A8B3E8A9DC}.Release|iPhoneSimulator.ActiveCfg = Release|Any CPU
		{2AA6B001-F211-4C5F-B21C-01A8B3E8A9DC}.Release|iPhoneSimulator.Build.0 = Release|Any CPU
		{2AA6B001-F211-4C5F-B21C-01A8B3E8A9DC}.Release|x64.ActiveCfg = Release|Any CPU
		{2AA6B001-F211-4C5F-B21C-01A8B3E8A9DC}.Release|x64.Build.0 = Release|Any CPU
		{2AA6B001-F211-4C5F-B21C-01A8B3E8A9DC}.Release|x86.ActiveCfg = Release|Any CPU
		{2AA6B001-F211-4C5F-B21C-01A8B3E8A9DC}.Release|x86.Build.0 = Release|Any CPU
		{45793E2A-E28F-4430-88C9-54905711A5E9}.Ad-Hoc|Any CPU.ActiveCfg = Release|Any CPU
		{45793E2A-E28F-4430-88C9-54905711A5E9}.Ad-Hoc|Any CPU.Build.0 = Release|Any CPU
		{45793E2A-E28F-4430-88C9-54905711A5E9}.Ad-Hoc|ARM.ActiveCfg = Release|Any CPU
		{45793E2A-E28F-4430-88C9-54905711A5E9}.Ad-Hoc|ARM.Build.0 = Release|Any CPU
		{45793E2A-E28F-4430-88C9-54905711A5E9}.Ad-Hoc|iPhone.ActiveCfg = Release|Any CPU
		{45793E2A-E28F-4430-88C9-54905711A5E9}.Ad-Hoc|iPhone.Build.0 = Release|Any CPU
		{45793E2A-E28F-4430-88C9-54905711A5E9}.Ad-Hoc|iPhoneSimulator.ActiveCfg = Release|Any CPU
		{45793E2A-E28F-4430-88C9-54905711A5E9}.Ad-Hoc|iPhoneSimulator.Build.0 = Release|Any CPU
		{45793E2A-E28F-4430-88C9-54905711A5E9}.Ad-Hoc|x64.ActiveCfg = Release|Any CPU
		{45793E2A-E28F-4430-88C9-54905711A5E9}.Ad-Hoc|x64.Build.0 = Release|Any CPU
		{45793E2A-E28F-4430-88C9-54905711A5E9}.Ad-Hoc|x86.ActiveCfg = Release|Any CPU
		{45793E2A-E28F-4430-88C9-54905711A5E9}.Ad-Hoc|x86.Build.0 = Release|Any CPU
		{45793E2A-E28F-4430-88C9-54905711A5E9}.AppStore|Any CPU.ActiveCfg = Release|Any CPU
		{45793E2A-E28F-4430-88C9-54905711A5E9}.AppStore|Any CPU.Build.0 = Release|Any CPU
		{45793E2A-E28F-4430-88C9-54905711A5E9}.AppStore|ARM.ActiveCfg = Release|Any CPU
		{45793E2A-E28F-4430-88C9-54905711A5E9}.AppStore|ARM.Build.0 = Release|Any CPU
		{45793E2A-E28F-4430-88C9-54905711A5E9}.AppStore|iPhone.ActiveCfg = Release|Any CPU
		{45793E2A-E28F-4430-88C9-54905711A5E9}.AppStore|iPhone.Build.0 = Release|Any CPU
		{45793E2A-E28F-4430-88C9-54905711A5E9}.AppStore|iPhoneSimulator.ActiveCfg = Release|Any CPU
		{45793E2A-E28F-4430-88C9-54905711A5E9}.AppStore|iPhoneSimulator.Build.0 = Release|Any CPU
		{45793E2A-E28F-4430-88C9-54905711A5E9}.AppStore|x64.ActiveCfg = Release|Any CPU
		{45793E2A-E28F-4430-88C9-54905711A5E9}.AppStore|x64.Build.0 = Release|Any CPU
		{45793E2A-E28F-4430-88C9-54905711A5E9}.AppStore|x86.ActiveCfg = Release|Any CPU
		{45793E2A-E28F-4430-88C9-54905711A5E9}.AppStore|x86.Build.0 = Release|Any CPU
		{45793E2A-E28F-4430-88C9-54905711A5E9}.Debug|Any CPU.ActiveCfg = Debug|Any CPU
		{45793E2A-E28F-4430-88C9-54905711A5E9}.Debug|Any CPU.Build.0 = Debug|Any CPU
		{45793E2A-E28F-4430-88C9-54905711A5E9}.Debug|ARM.ActiveCfg = Debug|Any CPU
		{45793E2A-E28F-4430-88C9-54905711A5E9}.Debug|ARM.Build.0 = Debug|Any CPU
		{45793E2A-E28F-4430-88C9-54905711A5E9}.Debug|iPhone.ActiveCfg = Debug|Any CPU
		{45793E2A-E28F-4430-88C9-54905711A5E9}.Debug|iPhone.Build.0 = Debug|Any CPU
		{45793E2A-E28F-4430-88C9-54905711A5E9}.Debug|iPhoneSimulator.ActiveCfg = Debug|Any CPU
		{45793E2A-E28F-4430-88C9-54905711A5E9}.Debug|iPhoneSimulator.Build.0 = Debug|Any CPU
		{45793E2A-E28F-4430-88C9-54905711A5E9}.Debug|x64.ActiveCfg = Debug|Any CPU
		{45793E2A-E28F-4430-88C9-54905711A5E9}.Debug|x64.Build.0 = Debug|Any CPU
		{45793E2A-E28F-4430-88C9-54905711A5E9}.Debug|x86.ActiveCfg = Debug|Any CPU
		{45793E2A-E28F-4430-88C9-54905711A5E9}.Debug|x86.Build.0 = Debug|Any CPU
		{45793E2A-E28F-4430-88C9-54905711A5E9}.Release|Any CPU.ActiveCfg = Release|Any CPU
		{45793E2A-E28F-4430-88C9-54905711A5E9}.Release|Any CPU.Build.0 = Release|Any CPU
		{45793E2A-E28F-4430-88C9-54905711A5E9}.Release|ARM.ActiveCfg = Release|Any CPU
		{45793E2A-E28F-4430-88C9-54905711A5E9}.Release|ARM.Build.0 = Release|Any CPU
		{45793E2A-E28F-4430-88C9-54905711A5E9}.Release|iPhone.ActiveCfg = Release|Any CPU
		{45793E2A-E28F-4430-88C9-54905711A5E9}.Release|iPhone.Build.0 = Release|Any CPU
		{45793E2A-E28F-4430-88C9-54905711A5E9}.Release|iPhoneSimulator.ActiveCfg = Release|Any CPU
		{45793E2A-E28F-4430-88C9-54905711A5E9}.Release|iPhoneSimulator.Build.0 = Release|Any CPU
		{45793E2A-E28F-4430-88C9-54905711A5E9}.Release|x64.ActiveCfg = Release|Any CPU
		{45793E2A-E28F-4430-88C9-54905711A5E9}.Release|x64.Build.0 = Release|Any CPU
		{45793E2A-E28F-4430-88C9-54905711A5E9}.Release|x86.ActiveCfg = Release|Any CPU
		{45793E2A-E28F-4430-88C9-54905711A5E9}.Release|x86.Build.0 = Release|Any CPU
	EndGlobalSection
	GlobalSection(SolutionProperties) = preSolution
		HideSolutionNode = FALSE
	EndGlobalSection
	GlobalSection(ExtensibilityGlobals) = postSolution
		SolutionGuid = {F6D05029-56B8-4E45-AF2D-0E76295DDBA2}
	EndGlobalSection
EndGlobal
